
Microsoft Visual Studio Solution File, Format Version 12.00
# Visual Studio Version 17
VisualStudioVersion = 17.9.34701.34
MinimumVisualStudioVersion = 10.0.40219.1
Project("{F2A71F9B-5D33-465A-A702-920D77279786}") = "PatternMatchingLists", "PatternMatchingLists\PatternMatchingLists.fsproj", "{C945CEAD-0401-4FB7-B289-40832A29BE7A}"
EndProject
Global
	GlobalSection(SolutionConfigurationPlatforms) = preSolution
		Debug|Any CPU = Debug|Any CPU
		Release|Any CPU = Release|Any CPU
	EndGlobalSection
	GlobalSection(ProjectConfigurationPlatforms) = postSolution
		{C945CEAD-0401-4FB7-B289-40832A29BE7A}.Debug|Any CPU.ActiveCfg = Debug|Any CPU
		{C945CEAD-0401-4FB7-B289-40832A29BE7A}.Debug|Any CPU.Build.0 = Debug|Any CPU
		{C945CEAD-0401-4FB7-B289-40832A29BE7A}.Release|Any CPU.ActiveCfg = Release|Any CPU
		{C945CEAD-0401-4FB7-B289-40832A29BE7A}.Release|Any CPU.Build.0 = Release|Any CPU
	EndGlobalSection
	GlobalSection(SolutionProperties) = preSolution
		HideSolutionNode = FALSE
	EndGlobalSection
	GlobalSection(ExtensibilityGlobals) = postSolution
		SolutionGuid = {FE97DB83-4748-4197-9022-88952CA4FA3E}
	EndGlobalSection
EndGlobal
